
Microsoft Visual Studio Solution File, Format Version 12.00
Project("{FAE04EC0-301F-11D3-BF4B-00C04F79EFBC}") = "eTicket", "eTicket\eTicket.csproj", "{42274BB9-EF52-41EB-98E1-950462C4DD5B}"
EndProject
Global
	GlobalSection(SolutionConfigurationPlatforms) = preSolution
		Debug|Any CPU = Debug|Any CPU
		Release|Any CPU = Release|Any CPU
	EndGlobalSection
	GlobalSection(ProjectConfigurationPlatforms) = postSolution
		{42274BB9-EF52-41EB-98E1-950462C4DD5B}.Debug|Any CPU.ActiveCfg = Debug|Any CPU
		{42274BB9-EF52-41EB-98E1-950462C4DD5B}.Debug|Any CPU.Build.0 = Debug|Any CPU
		{42274BB9-EF52-41EB-98E1-950462C4DD5B}.Release|Any CPU.ActiveCfg = Release|Any CPU
		{42274BB9-EF52-41EB-98E1-950462C4DD5B}.Release|Any CPU.Build.0 = Release|Any CPU
	EndGlobalSection
EndGlobal
